
Microsoft Visual Studio Solution File, Format Version 12.00
# Visual Studio Version 17
VisualStudioVersion = 17.5.33627.172
MinimumVisualStudioVersion = 10.0.40219.1
Project("{FAE04EC0-301F-11D3-BF4B-00C04F79EFBC}") = "Miasto_Zadanie_0_A", "Miasto_Zadanie_0_A.csproj", "{8C6F8D72-F19A-454E-9045-E80FAB3DAFEC}"
EndProject
Global
	GlobalSection(SolutionConfigurationPlatforms) = preSolution
		Debug|Any CPU = Debug|Any CPU
		Release|Any CPU = Release|Any CPU
	EndGlobalSection
	GlobalSection(ProjectConfigurationPlatforms) = postSolution
		{8C6F8D72-F19A-454E-9045-E80FAB3DAFEC}.Debug|Any CPU.ActiveCfg = Debug|Any CPU
		{8C6F8D72-F19A-454E-9045-E80FAB3DAFEC}.Debug|Any CPU.Build.0 = Debug|Any CPU
		{8C6F8D72-F19A-454E-9045-E80FAB3DAFEC}.Release|Any CPU.ActiveCfg = Release|Any CPU
		{8C6F8D72-F19A-454E-9045-E80FAB3DAFEC}.Release|Any CPU.Build.0 = Release|Any CPU
	EndGlobalSection
	GlobalSection(SolutionProperties) = preSolution
		HideSolutionNode = FALSE
	EndGlobalSection
	GlobalSection(ExtensibilityGlobals) = postSolution
		SolutionGuid = {7FCB6A16-558A-4025-83AD-A3F5D4FADBE0}
	EndGlobalSection
EndGlobal
